
Microsoft Visual Studio Solution File, Format Version 12.00
# Visual Studio Version 17
VisualStudioVersion = 17.0.31903.59
MinimumVisualStudioVersion = 10.0.40219.1
Project("{9A19103F-16F7-4668-BE54-9A1E7A4F7556}") = "TourismPlatform.API", "TourismPlatform.API\TourismPlatform.API.csproj", "{CCBCD21F-B7AC-47FE-89F2-DA666E00B3A2}"
EndProject
Project("{9A19103F-16F7-4668-BE54-9A1E7A4F7556}") = "TourismPlatform.Core", "TourismPlatform.Core\TourismPlatform.Core.csproj", "{7AFD912A-8A6B-4597-B41C-5CE8B06EEECB}"
EndProject
Project("{9A19103F-16F7-4668-BE54-9A1E7A4F7556}") = "TourismPlatform.Data", "TourismPlatform.Data\TourismPlatform.Data.csproj", "{3E760385-FD8A-4D12-BF13-EA3A10D9E9B0}"
EndProject
Global
	GlobalSection(SolutionConfigurationPlatforms) = preSolution
		Debug|Any CPU = Debug|Any CPU
		Release|Any CPU = Release|Any CPU
	EndGlobalSection
	GlobalSection(ProjectConfigurationPlatforms) = postSolution
		{CCBCD21F-B7AC-47FE-89F2-DA666E00B3A2}.Debug|Any CPU.ActiveCfg = Debug|Any CPU
		{CCBCD21F-B7AC-47FE-89F2-DA666E00B3A2}.Debug|Any CPU.Build.0 = Debug|Any CPU
		{CCBCD21F-B7AC-47FE-89F2-DA666E00B3A2}.Release|Any CPU.ActiveCfg = Release|Any CPU
		{CCBCD21F-B7AC-47FE-89F2-DA666E00B3A2}.Release|Any CPU.Build.0 = Release|Any CPU
		{7AFD912A-8A6B-4597-B41C-5CE8B06EEECB}.Debug|Any CPU.ActiveCfg = Debug|Any CPU
		{7AFD912A-8A6B-4597-B41C-5CE8B06EEECB}.Debug|Any CPU.Build.0 = Debug|Any CPU
		{7AFD912A-8A6B-4597-B41C-5CE8B06EEECB}.Release|Any CPU.ActiveCfg = Release|Any CPU
		{7AFD912A-8A6B-4597-B41C-5CE8B06EEECB}.Release|Any CPU.Build.0 = Release|Any CPU
		{3E760385-FD8A-4D12-BF13-EA3A10D9E9B0}.Debug|Any CPU.ActiveCfg = Debug|Any CPU
		{3E760385-FD8A-4D12-BF13-EA3A10D9E9B0}.Debug|Any CPU.Build.0 = Debug|Any CPU
		{3E760385-FD8A-4D12-BF13-EA3A10D9E9B0}.Release|Any CPU.ActiveCfg = Release|Any CPU
		{3E760385-FD8A-4D12-BF13-EA3A10D9E9B0}.Release|Any CPU.Build.0 = Release|Any CPU
	EndGlobalSection
	GlobalSection(SolutionProperties) = preSolution
		HideSolutionNode = FALSE
	EndGlobalSection
	GlobalSection(ExtensibilityGlobals) = postSolution
		SolutionGuid = {CF3E662F-C42B-41A1-951D-5830AAE77B5C}
	EndGlobalSection
EndGlobal
